
Microsoft Visual Studio Solution File, Format Version 12.00
# Visual Studio 15
VisualStudioVersion = 15.0.25920.0
MinimumVisualStudioVersion = 10.0.40219.1
Project("{2150E333-8FDC-42A3-9474-1A3956D46DE8}") = "src", "src", "{EC05F9BB-CD85-4789-8E49-F1BECFCB3FFC}"
EndProject
Project("{FAE04EC0-301F-11D3-BF4B-00C04F79EFBC}") = "Event", "src\Event\Event.csproj", "{8633AB7A-77E7-48EC-A807-8EEAC80FF22C}"
EndProject
Global
	GlobalSection(SolutionConfigurationPlatforms) = preSolution
		Debug|Any CPU = Debug|Any CPU
		Release|Any CPU = Release|Any CPU
	EndGlobalSection
	GlobalSection(ProjectConfigurationPlatforms) = postSolution
		{8633AB7A-77E7-48EC-A807-8EEAC80FF22C}.Debug|Any CPU.ActiveCfg = Debug|x64
		{8633AB7A-77E7-48EC-A807-8EEAC80FF22C}.Debug|Any CPU.Build.0 = Debug|x64
		{8633AB7A-77E7-48EC-A807-8EEAC80FF22C}.Release|Any CPU.ActiveCfg = Release|Any CPU
		{8633AB7A-77E7-48EC-A807-8EEAC80FF22C}.Release|Any CPU.Build.0 = Release|Any CPU
	EndGlobalSection
	GlobalSection(SolutionProperties) = preSolution
		HideSolutionNode = FALSE
	EndGlobalSection
	GlobalSection(NestedProjects) = preSolution
		{8633AB7A-77E7-48EC-A807-8EEAC80FF22C} = {EC05F9BB-CD85-4789-8E49-F1BECFCB3FFC}
	EndGlobalSection
EndGlobal
